// !$*UTF8*$!
{
	archiveVersion = 1;
	classes = {
	};
	objectVersion = 46;
	objects = {

/* Begin PBXBuildFile section */
		B77A6C5A19540C5A00870418 /* Foundation.framework in Frameworks */ = {isa = PBXBuildFile; fileRef = B77A6C5919540C5A00870418 /* Foundation.framework */; };
		B77A6C5C19540C5A00870418 /* CoreGraphics.framework in Frameworks */ = {isa = PBXBuildFile; fileRef = B77A6C5B19540C5A00870418 /* CoreGraphics.framework */; };
		B77A6C5E19540C5A00870418 /* UIKit.framework in Frameworks */ = {isa = PBXBuildFile; fileRef = B77A6C5D19540C5A00870418 /* UIKit.framework */; };
		B77A6C6419540C5A00870418 /* InfoPlist.strings in Resources */ = {isa = PBXBuildFile; fileRef = B77A6C6219540C5A00870418 /* InfoPlist.strings */; };
		B77A6C6619540C5A00870418 /* main.m in Sources */ = {isa = PBXBuildFile; fileRef = B77A6C6519540C5A00870418 /* main.m */; };
		B77A6C6A19540C5A00870418 /* AppDelegate.m in Sources */ = {isa = PBXBuildFile; fileRef = B77A6C6919540C5A00870418 /* AppDelegate.m */; };
		B77A6C6C19540C5A00870418 /* Images.xcassets in Resources */ = {isa = PBXBuildFile; fileRef = B77A6C6B19540C5A00870418 /* Images.xcassets */; };
		B77A6C7319540C5A00870418 /* XCTest.framework in Frameworks */ = {isa = PBXBuildFile; fileRef = B77A6C7219540C5A00870418 /* XCTest.framework */; };
		B77A6C7419540C5A00870418 /* Foundation.framework in Frameworks */ = {isa = PBXBuildFile; fileRef = B77A6C5919540C5A00870418 /* Foundation.framework */; };
		B77A6C7519540C5A00870418 /* UIKit.framework in Frameworks */ = {isa = PBXBuildFile; fileRef = B77A6C5D19540C5A00870418 /* UIKit.framework */; };
		B77A6C7D19540C5A00870418 /* InfoPlist.strings in Resources */ = {isa = PBXBuildFile; fileRef = B77A6C7B19540C5A00870418 /* InfoPlist.strings */; };
		B77A6C7F19540C5A00870418 /* Delegate_DetailTests.m in Sources */ = {isa = PBXBuildFile; fileRef = B77A6C7E19540C5A00870418 /* Delegate_DetailTests.m */; };
		B77A6C8A1954151500870418 /* RootViewController.m in Sources */ = {isa = PBXBuildFile; fileRef = B77A6C891954151500870418 /* RootViewController.m */; };
		B77A6C8D1954168600870418 /* EheardView.m in Sources */ = {isa = PBXBuildFile; fileRef = B77A6C8C1954168600870418 /* EheardView.m */; };
		B77A6CA81954179C00870418 /* LICENSE in Resources */ = {isa = PBXBuildFile; fileRef = B77A6C911954179C00870418 /* LICENSE */; };
		B77A6CA91954179C00870418 /* README.md in Resources */ = {isa = PBXBuildFile; fileRef = B77A6C921954179C00870418 /* README.md */; };
		B77A6CAA1954179C00870418 /* SDImageCache.m in Sources */ = {isa = PBXBuildFile; fileRef = B77A6C941954179C00870418 /* SDImageCache.m */; };
		B77A6CAB1954179C00870418 /* SDImageClearMemory.m in Sources */ = {isa = PBXBuildFile; fileRef = B77A6C971954179C00870418 /* SDImageClearMemory.m */; };
		B77A6CAC1954179C00870418 /* SDWebImageDecoder.m in Sources */ = {isa = PBXBuildFile; fileRef = B77A6C9A1954179C00870418 /* SDWebImageDecoder.m */; };
		B77A6CAD1954179C00870418 /* SDWebImageDownloader.m in Sources */ = {isa = PBXBuildFile; fileRef = B77A6C9C1954179C00870418 /* SDWebImageDownloader.m */; };
		B77A6CAE1954179C00870418 /* SDWebImageManager.m in Sources */ = {isa = PBXBuildFile; fileRef = B77A6C9F1954179C00870418 /* SDWebImageManager.m */; };
		B77A6CAF1954179C00870418 /* SDWebImagePrefetcher.m in Sources */ = {isa = PBXBuildFile; fileRef = B77A6CA21954179C00870418 /* SDWebImagePrefetcher.m */; };
		B77A6CB01954179C00870418 /* UIButton+WebCache.m in Sources */ = {isa = PBXBuildFile; fileRef = B77A6CA41954179C00870418 /* UIButton+WebCache.m */; };
		B77A6CB11954179C00870418 /* UIImageView+WebCache.m in Sources */ = {isa = PBXBuildFile; fileRef = B77A6CA61954179C00870418 /* UIImageView+WebCache.m */; };
/* End PBXBuildFile section */

/* Begin PBXContainerItemProxy section */
		B77A6C7619540C5A00870418 /* PBXContainerItemProxy */ = {
			isa = PBXContainerItemProxy;
			containerPortal = B77A6C4E19540C5A00870418 /* Project object */;
			proxyType = 1;
			remoteGlobalIDString = B77A6C5519540C5A00870418;
			remoteInfo = Delegate_Detail;
		};
/* End PBXContainerItemProxy section */

/* Begin PBXFileReference section */
		B77A6C5619540C5A00870418 /* Delegate_Detail.app */ = {isa = PBXFileReference; explicitFileType = wrapper.application; includeInIndex = 0; path = Delegate_Detail.app; sourceTree = BUILT_PRODUCTS_DIR; };
		B77A6C5919540C5A00870418 /* Foundation.framework */ = {isa = PBXFileReference; lastKnownFileType = wrapper.framework; name = Foundation.framework; path = System/Library/Frameworks/Foundation.framework; sourceTree = SDKROOT; };
		B77A6C5B19540C5A00870418 /* CoreGraphics.framework */ = {isa = PBXFileReference; lastKnownFileType = wrapper.framework; name = CoreGraphics.framework; path = System/Library/Frameworks/CoreGraphics.framework; sourceTree = SDKROOT; };
		B77A6C5D19540C5A00870418 /* UIKit.framework */ = {isa = PBXFileReference; lastKnownFileType = wrapper.framework; name = UIKit.framework; path = System/Library/Frameworks/UIKit.framework; sourceTree = SDKROOT; };
		B77A6C6119540C5A00870418 /* Delegate_Detail-Info.plist */ = {isa = PBXFileReference; lastKnownFileType = text.plist.xml; path = "Delegate_Detail-Info.plist"; sourceTree = "<group>"; };
		B77A6C6319540C5A00870418 /* en */ = {isa = PBXFileReference; lastKnownFileType = text.plist.strings; name = en; path = en.lproj/InfoPlist.strings; sourceTree = "<group>"; };
		B77A6C6519540C5A00870418 /* main.m */ = {isa = PBXFileReference; lastKnownFileType = sourcecode.c.objc; path = main.m; sourceTree = "<group>"; };
		B77A6C6719540C5A00870418 /* Delegate_Detail-Prefix.pch */ = {isa = PBXFileReference; lastKnownFileType = sourcecode.c.h; path = "Delegate_Detail-Prefix.pch"; sourceTree = "<group>"; };
		B77A6C6819540C5A00870418 /* AppDelegate.h */ = {isa = PBXFileReference; lastKnownFileType = sourcecode.c.h; path = AppDelegate.h; sourceTree = "<group>"; };
		B77A6C6919540C5A00870418 /* AppDelegate.m */ = {isa = PBXFileReference; lastKnownFileType = sourcecode.c.objc; path = AppDelegate.m; sourceTree = "<group>"; };
		B77A6C6B19540C5A00870418 /* Images.xcassets */ = {isa = PBXFileReference; lastKnownFileType = folder.assetcatalog; path = Images.xcassets; sourceTree = "<group>"; };
		B77A6C7119540C5A00870418 /* Delegate_DetailTests.xctest */ = {isa = PBXFileReference; explicitFileType = wrapper.cfbundle; includeInIndex = 0; path = Delegate_DetailTests.xctest; sourceTree = BUILT_PRODUCTS_DIR; };
		B77A6C7219540C5A00870418 /* XCTest.framework */ = {isa = PBXFileReference; lastKnownFileType = wrapper.framework; name = XCTest.framework; path = Library/Frameworks/XCTest.framework; sourceTree = DEVELOPER_DIR; };
		B77A6C7A19540C5A00870418 /* Delegate_DetailTests-Info.plist */ = {isa = PBXFileReference; lastKnownFileType = text.plist.xml; path = "Delegate_DetailTests-Info.plist"; sourceTree = "<group>"; };
		B77A6C7C19540C5A00870418 /* en */ = {isa = PBXFileReference; lastKnownFileType = text.plist.strings; name = en; path = en.lproj/InfoPlist.strings; sourceTree = "<group>"; };
		B77A6C7E19540C5A00870418 /* Delegate_DetailTests.m */ = {isa = PBXFileReference; lastKnownFileType = sourcecode.c.objc; path = Delegate_DetailTests.m; sourceTree = "<group>"; };
		B77A6C881954151500870418 /* RootViewController.h */ = {isa = PBXFileReference; fileEncoding = 4; lastKnownFileType = sourcecode.c.h; path = RootViewController.h; sourceTree = "<group>"; };
		B77A6C891954151500870418 /* RootViewController.m */ = {isa = PBXFileReference; fileEncoding = 4; lastKnownFileType = sourcecode.c.objc; path = RootViewController.m; sourceTree = "<group>"; };
		B77A6C8B1954168600870418 /* EheardView.h */ = {isa = PBXFileReference; fileEncoding = 4; lastKnownFileType = sourcecode.c.h; path = EheardView.h; sourceTree = "<group>"; };
		B77A6C8C1954168600870418 /* EheardView.m */ = {isa = PBXFileReference; fileEncoding = 4; lastKnownFileType = sourcecode.c.objc; path = EheardView.m; sourceTree = "<group>"; };
		B77A6C911954179C00870418 /* LICENSE */ = {isa = PBXFileReference; fileEncoding = 4; lastKnownFileType = text; path = LICENSE; sourceTree = "<group>"; };
		B77A6C921954179C00870418 /* README.md */ = {isa = PBXFileReference; fileEncoding = 4; lastKnownFileType = text; path = README.md; sourceTree = "<group>"; };
		B77A6C931954179C00870418 /* SDImageCache.h */ = {isa = PBXFileReference; fileEncoding = 4; lastKnownFileType = sourcecode.c.h; path = SDImageCache.h; sourceTree = "<group>"; };
		B77A6C941954179C00870418 /* SDImageCache.m */ = {isa = PBXFileReference; fileEncoding = 4; lastKnownFileType = sourcecode.c.objc; path = SDImageCache.m; sourceTree = "<group>"; };
		B77A6C951954179C00870418 /* SDImageCacheDelegate.h */ = {isa = PBXFileReference; fileEncoding = 4; lastKnownFileType = sourcecode.c.h; path = SDImageCacheDelegate.h; sourceTree = "<group>"; };
		B77A6C961954179C00870418 /* SDImageClearMemory.h */ = {isa = PBXFileReference; fileEncoding = 4; lastKnownFileType = sourcecode.c.h; path = SDImageClearMemory.h; sourceTree = "<group>"; };
		B77A6C971954179C00870418 /* SDImageClearMemory.m */ = {isa = PBXFileReference; fileEncoding = 4; lastKnownFileType = sourcecode.c.objc; path = SDImageClearMemory.m; sourceTree = "<group>"; };
		B77A6C981954179C00870418 /* SDWebImageCompat.h */ = {isa = PBXFileReference; fileEncoding = 4; lastKnownFileType = sourcecode.c.h; path = SDWebImageCompat.h; sourceTree = "<group>"; };
		B77A6C991954179C00870418 /* SDWebImageDecoder.h */ = {isa = PBXFileReference; fileEncoding = 4; lastKnownFileType = sourcecode.c.h; path = SDWebImageDecoder.h; sourceTree = "<group>"; };
		B77A6C9A1954179C00870418 /* SDWebImageDecoder.m */ = {isa = PBXFileReference; fileEncoding = 4; lastKnownFileType = sourcecode.c.objc; path = SDWebImageDecoder.m; sourceTree = "<group>"; };
		B77A6C9B1954179C00870418 /* SDWebImageDownloader.h */ = {isa = PBXFileReference; fileEncoding = 4; lastKnownFileType = sourcecode.c.h; path = SDWebImageDownloader.h; sourceTree = "<group>"; };
		B77A6C9C1954179C00870418 /* SDWebImageDownloader.m */ = {isa = PBXFileReference; fileEncoding = 4; lastKnownFileType = sourcecode.c.objc; path = SDWebImageDownloader.m; sourceTree = "<group>"; };
		B77A6C9D1954179C00870418 /* SDWebImageDownloaderDelegate.h */ = {isa = PBXFileReference; fileEncoding = 4; lastKnownFileType = sourcecode.c.h; path = SDWebImageDownloaderDelegate.h; sourceTree = "<group>"; };
		B77A6C9E1954179C00870418 /* SDWebImageManager.h */ = {isa = PBXFileReference; fileEncoding = 4; lastKnownFileType = sourcecode.c.h; path = SDWebImageManager.h; sourceTree = "<group>"; };
		B77A6C9F1954179C00870418 /* SDWebImageManager.m */ = {isa = PBXFileReference; fileEncoding = 4; lastKnownFileType = sourcecode.c.objc; path = SDWebImageManager.m; sourceTree = "<group>"; };
		B77A6CA01954179C00870418 /* SDWebImageManagerDelegate.h */ = {isa = PBXFileReference; fileEncoding = 4; lastKnownFileType = sourcecode.c.h; path = SDWebImageManagerDelegate.h; sourceTree = "<group>"; };
		B77A6CA11954179C00870418 /* SDWebImagePrefetcher.h */ = {isa = PBXFileReference; fileEncoding = 4; lastKnownFileType = sourcecode.c.h; path = SDWebImagePrefetcher.h; sourceTree = "<group>"; };
		B77A6CA21954179C00870418 /* SDWebImagePrefetcher.m */ = {isa = PBXFileReference; fileEncoding = 4; lastKnownFileType = sourcecode.c.objc; path = SDWebImagePrefetcher.m; sourceTree = "<group>"; };
		B77A6CA31954179C00870418 /* UIButton+WebCache.h */ = {isa = PBXFileReference; fileEncoding = 4; lastKnownFileType = sourcecode.c.h; path = "UIButton+WebCache.h"; sourceTree = "<group>"; };
		B77A6CA41954179C00870418 /* UIButton+WebCache.m */ = {isa = PBXFileReference; fileEncoding = 4; lastKnownFileType = sourcecode.c.objc; path = "UIButton+WebCache.m"; sourceTree = "<group>"; };
		B77A6CA51954179C00870418 /* UIImageView+WebCache.h */ = {isa = PBXFileReference; fileEncoding = 4; lastKnownFileType = sourcecode.c.h; path = "UIImageView+WebCache.h"; sourceTree = "<group>"; };
		B77A6CA61954179C00870418 /* UIImageView+WebCache.m */ = {isa = PBXFileReference; fileEncoding = 4; lastKnownFileType = sourcecode.c.objc; path = "UIImageView+WebCache.m"; sourceTree = "<group>"; };
/* End PBXFileReference section */

/* Begin PBXFrameworksBuildPhase section */
		B77A6C5319540C5A00870418 /* Frameworks */ = {
			isa = PBXFrameworksBuildPhase;
			buildActionMask = 2147483647;
			files = (
				B77A6C5C19540C5A00870418 /* CoreGraphics.framework in Frameworks */,
				B77A6C5E19540C5A00870418 /* UIKit.framework in Frameworks */,
				B77A6C5A19540C5A00870418 /* Foundation.framework in Frameworks */,
			);
			runOnlyForDeploymentPostprocessing = 0;
		};
		B77A6C6E19540C5A00870418 /* Frameworks */ = {
			isa = PBXFrameworksBuildPhase;
			buildActionMask = 2147483647;
			files = (
				B77A6C7319540C5A00870418 /* XCTest.framework in Frameworks */,
				B77A6C7519540C5A00870418 /* UIKit.framework in Frameworks */,
				B77A6C7419540C5A00870418 /* Foundation.framework in Frameworks */,
			);
			runOnlyForDeploymentPostprocessing = 0;
		};
/* End PBXFrameworksBuildPhase section */

/* Begin PBXGroup section */
		B77A6C4D19540C5A00870418 = {
			isa = PBXGroup;
			children = (
				B77A6C5F19540C5A00870418 /* Delegate_Detail */,
				B77A6C7819540C5A00870418 /* Delegate_DetailTests */,
				B77A6C5819540C5A00870418 /* Frameworks */,
				B77A6C5719540C5A00870418 /* Products */,
			);
			sourceTree = "<group>";
		};
		B77A6C5719540C5A00870418 /* Products */ = {
			isa = PBXGroup;
			children = (
				B77A6C5619540C5A00870418 /* Delegate_Detail.app */,
				B77A6C7119540C5A00870418 /* Delegate_DetailTests.xctest */,
			);
			name = Products;
			sourceTree = "<group>";
		};
		B77A6C5819540C5A00870418 /* Frameworks */ = {
			isa = PBXGroup;
			children = (
				B77A6C5919540C5A00870418 /* Foundation.framework */,
				B77A6C5B19540C5A00870418 /* CoreGraphics.framework */,
				B77A6C5D19540C5A00870418 /* UIKit.framework */,
				B77A6C7219540C5A00870418 /* XCTest.framework */,
			);
			name = Frameworks;
			sourceTree = "<group>";
		};
		B77A6C5F19540C5A00870418 /* Delegate_Detail */ = {
			isa = PBXGroup;
			children = (
				B77A6C8E1954179C00870418 /* SDWebImage */,
				B77A6C6819540C5A00870418 /* AppDelegate.h */,
				B77A6C6919540C5A00870418 /* AppDelegate.m */,
				B77A6C881954151500870418 /* RootViewController.h */,
				B77A6C891954151500870418 /* RootViewController.m */,
				B77A6C8B1954168600870418 /* EheardView.h */,
				B77A6C8C1954168600870418 /* EheardView.m */,
				B77A6C6B19540C5A00870418 /* Images.xcassets */,
				B77A6C6019540C5A00870418 /* Supporting Files */,
			);
			path = Delegate_Detail;
			sourceTree = "<group>";
		};
		B77A6C6019540C5A00870418 /* Supporting Files */ = {
			isa = PBXGroup;
			children = (
				B77A6C6119540C5A00870418 /* Delegate_Detail-Info.plist */,
				B77A6C6219540C5A00870418 /* InfoPlist.strings */,
				B77A6C6519540C5A00870418 /* main.m */,
				B77A6C6719540C5A00870418 /* Delegate_Detail-Prefix.pch */,
			);
			name = "Supporting Files";
			sourceTree = "<group>";
		};
		B77A6C7819540C5A00870418 /* Delegate_DetailTests */ = {
			isa = PBXGroup;
			children = (
				B77A6C7E19540C5A00870418 /* Delegate_DetailTests.m */,
				B77A6C7919540C5A00870418 /* Supporting Files */,
			);
			path = Delegate_DetailTests;
			sourceTree = "<group>";
		};
		B77A6C7919540C5A00870418 /* Supporting Files */ = {
			isa = PBXGroup;
			children = (
				B77A6C7A19540C5A00870418 /* Delegate_DetailTests-Info.plist */,
				B77A6C7B19540C5A00870418 /* InfoPlist.strings */,
			);
			name = "Supporting Files";
			sourceTree = "<group>";
		};
		B77A6C8E1954179C00870418 /* SDWebImage */ = {
			isa = PBXGroup;
			children = (
				B77A6C911954179C00870418 /* LICENSE */,
				B77A6C921954179C00870418 /* README.md */,
				B77A6C931954179C00870418 /* SDImageCache.h */,
				B77A6C941954179C00870418 /* SDImageCache.m */,
				B77A6C951954179C00870418 /* SDImageCacheDelegate.h */,
				B77A6C961954179C00870418 /* SDImageClearMemory.h */,
				B77A6C971954179C00870418 /* SDImageClearMemory.m */,
				B77A6C981954179C00870418 /* SDWebImageCompat.h */,
				B77A6C991954179C00870418 /* SDWebImageDecoder.h */,
				B77A6C9A1954179C00870418 /* SDWebImageDecoder.m */,
				B77A6C9B1954179C00870418 /* SDWebImageDownloader.h */,
				B77A6C9C1954179C00870418 /* SDWebImageDownloader.m */,
				B77A6C9D1954179C00870418 /* SDWebImageDownloaderDelegate.h */,
				B77A6C9E1954179C00870418 /* SDWebImageManager.h */,
				B77A6C9F1954179C00870418 /* SDWebImageManager.m */,
				B77A6CA01954179C00870418 /* SDWebImageManagerDelegate.h */,
				B77A6CA11954179C00870418 /* SDWebImagePrefetcher.h */,
				B77A6CA21954179C00870418 /* SDWebImagePrefetcher.m */,
				B77A6CA31954179C00870418 /* UIButton+WebCache.h */,
				B77A6CA41954179C00870418 /* UIButton+WebCache.m */,
				B77A6CA51954179C00870418 /* UIImageView+WebCache.h */,
				B77A6CA61954179C00870418 /* UIImageView+WebCache.m */,
			);
			path = SDWebImage;
			sourceTree = "<group>";
		};
/* End PBXGroup section */

/* Begin PBXNativeTarget section */
		B77A6C5519540C5A00870418 /* Delegate_Detail */ = {
			isa = PBXNativeTarget;
			buildConfigurationList = B77A6C8219540C5A00870418 /* Build configuration list for PBXNativeTarget "Delegate_Detail" */;
			buildPhases = (
				B77A6C5219540C5A00870418 /* Sources */,
				B77A6C5319540C5A00870418 /* Frameworks */,
				B77A6C5419540C5A00870418 /* Resources */,
			);
			buildRules = (
			);
			dependencies = (
			);
			name = Delegate_Detail;
			productName = Delegate_Detail;
			productReference = B77A6C5619540C5A00870418 /* Delegate_Detail.app */;
			productType = "com.apple.product-type.application";
		};
		B77A6C7019540C5A00870418 /* Delegate_DetailTests */ = {
			isa = PBXNativeTarget;
			buildConfigurationList = B77A6C8519540C5A00870418 /* Build configuration list for PBXNativeTarget "Delegate_DetailTests" */;
			buildPhases = (
				B77A6C6D19540C5A00870418 /* Sources */,
				B77A6C6E19540C5A00870418 /* Frameworks */,
				B77A6C6F19540C5A00870418 /* Resources */,
			);
			buildRules = (
			);
			dependencies = (
				B77A6C7719540C5A00870418 /* PBXTargetDependency */,
			);
			name = Delegate_DetailTests;
			productName = Delegate_DetailTests;
			productReference = B77A6C7119540C5A00870418 /* Delegate_DetailTests.xctest */;
			productType = "com.apple.product-type.bundle.unit-test";
		};
/* End PBXNativeTarget section */

/* Begin PBXProject section */
		B77A6C4E19540C5A00870418 /* Project object */ = {
			isa = PBXProject;
			attributes = {
				LastUpgradeCheck = 0510;
				ORGANIZATIONNAME = "___FULLUSERNAME___";
				TargetAttributes = {
					B77A6C7019540C5A00870418 = {
						TestTargetID = B77A6C5519540C5A00870418;
					};
				};
			};
			buildConfigurationList = B77A6C5119540C5A00870418 /* Build configuration list for PBXProject "Delegate_Detail" */;
			compatibilityVersion = "Xcode 3.2";
			developmentRegion = English;
			hasScannedForEncodings = 0;
			knownRegions = (
				en,
			);
			mainGroup = B77A6C4D19540C5A00870418;
			productRefGroup = B77A6C5719540C5A00870418 /* Products */;
			projectDirPath = "";
			projectRoot = "";
			targets = (
				B77A6C5519540C5A00870418 /* Delegate_Detail */,
				B77A6C7019540C5A00870418 /* Delegate_DetailTests */,
			);
		};
/* End PBXProject section */

/* Begin PBXResourcesBuildPhase section */
		B77A6C5419540C5A00870418 /* Resources */ = {
			isa = PBXResourcesBuildPhase;
			buildActionMask = 2147483647;
			files = (
				B77A6CA81954179C00870418 /* LICENSE in Resources */,
				B77A6C6419540C5A00870418 /* InfoPlist.strings in Resources */,
				B77A6CA91954179C00870418 /* README.md in Resources */,
				B77A6C6C19540C5A00870418 /* Images.xcassets in Resources */,
			);
			runOnlyForDeploymentPostprocessing = 0;
		};
		B77A6C6F19540C5A00870418 /* Resources */ = {
			isa = PBXResourcesBuildPhase;
			buildActionMask = 2147483647;
			files = (
				B77A6C7D19540C5A00870418 /* InfoPlist.strings in Resources */,
			);
			runOnlyForDeploymentPostprocessing = 0;
		};
/* End PBXResourcesBuildPhase section */

/* Begin PBXSourcesBuildPhase section */
		B77A6C5219540C5A00870418 /* Sources */ = {
			isa = PBXSourcesBuildPhase;
			buildActionMask = 2147483647;
			files = (
				B77A6CB11954179C00870418 /* UIImageView+WebCache.m in Sources */,
				B77A6CB01954179C00870418 /* UIButton+WebCache.m in Sources */,
				B77A6CAD1954179C00870418 /* SDWebImageDownloader.m in Sources */,
				B77A6CAA1954179C00870418 /* SDImageCache.m in Sources */,
				B77A6CAB1954179C00870418 /* SDImageClearMemory.m in Sources */,
				B77A6C6A19540C5A00870418 /* AppDelegate.m in Sources */,
				B77A6CAC1954179C00870418 /* SDWebImageDecoder.m in Sources */,
				B77A6C6619540C5A00870418 /* main.m in Sources */,
				B77A6CAE1954179C00870418 /* SDWebImageManager.m in Sources */,
				B77A6CAF1954179C00870418 /* SDWebImagePrefetcher.m in Sources */,
				B77A6C8A1954151500870418 /* RootViewController.m in Sources */,
				B77A6C8D1954168600870418 /* EheardView.m in Sources */,
			);
			runOnlyForDeploymentPostprocessing = 0;
		};
		B77A6C6D19540C5A00870418 /* Sources */ = {
			isa = PBXSourcesBuildPhase;
			buildActionMask = 2147483647;
			files = (
				B77A6C7F19540C5A00870418 /* Delegate_DetailTests.m in Sources */,
			);
			runOnlyForDeploymentPostprocessing = 0;
		};
/* End PBXSourcesBuildPhase section */

/* Begin PBXTargetDependency section */
		B77A6C7719540C5A00870418 /* PBXTargetDependency */ = {
			isa = PBXTargetDependency;
			target = B77A6C5519540C5A00870418 /* Delegate_Detail */;
			targetProxy = B77A6C7619540C5A00870418 /* PBXContainerItemProxy */;
		};
/* End PBXTargetDependency section */

/* Begin PBXVariantGroup section */
		B77A6C6219540C5A00870418 /* InfoPlist.strings */ = {
			isa = PBXVariantGroup;
			children = (
				B77A6C6319540C5A00870418 /* en */,
			);
			name = InfoPlist.strings;
			sourceTree = "<group>";
		};
		B77A6C7B19540C5A00870418 /* InfoPlist.strings */ = {
			isa = PBXVariantGroup;
			children = (
				B77A6C7C19540C5A00870418 /* en */,
			);
			name = InfoPlist.strings;
			sourceTree = "<group>";
		};
/* End PBXVariantGroup section */

/* Begin XCBuildConfiguration section */
		B77A6C8019540C5A00870418 /* Debug */ = {
			isa = XCBuildConfiguration;
			buildSettings = {
				ALWAYS_SEARCH_USER_PATHS = NO;
				CLANG_CXX_LANGUAGE_STANDARD = "gnu++0x";
				CLANG_CXX_LIBRARY = "libc++";
				CLANG_ENABLE_MODULES = YES;
				CLANG_ENABLE_OBJC_ARC = NO;
				CLANG_WARN_BOOL_CONVERSION = YES;
				CLANG_WARN_CONSTANT_CONVERSION = YES;
				CLANG_WARN_DIRECT_OBJC_ISA_USAGE = YES_ERROR;
				CLANG_WARN_EMPTY_BODY = YES;
				CLANG_WARN_ENUM_CONVERSION = YES;
				CLANG_WARN_INT_CONVERSION = YES;
				CLANG_WARN_OBJC_ROOT_CLASS = YES_ERROR;
				CLANG_WARN__DUPLICATE_METHOD_MATCH = YES;
				"CODE_SIGN_IDENTITY[sdk=iphoneos*]" = "iPhone Developer";
				COPY_PHASE_STRIP = NO;
				GCC_C_LANGUAGE_STANDARD = gnu99;
				GCC_DYNAMIC_NO_PIC = NO;
				GCC_OPTIMIZATION_LEVEL = 0;
				GCC_PREPROCESSOR_DEFINITIONS = (
					"DEBUG=1",
					"$(inherited)",
				);
				GCC_SYMBOLS_PRIVATE_EXTERN = NO;
				GCC_WARN_64_TO_32_BIT_CONVERSION = YES;
				GCC_WARN_ABOUT_RETURN_TYPE = YES_ERROR;
				GCC_WARN_UNDECLARED_SELECTOR = YES;
				GCC_WARN_UNINITIALIZED_AUTOS = YES_AGGRESSIVE;
				GCC_WARN_UNUSED_FUNCTION = YES;
				GCC_WARN_UNUSED_VARIABLE = YES;
				IPHONEOS_DEPLOYMENT_TARGET = 7.1;
				ONLY_ACTIVE_ARCH = YES;
				SDKROOT = iphoneos;
				TARGETED_DEVICE_FAMILY = "1,2";
			};
			name = Debug;
		};
		B77A6C8119540C5A00870418 /* Release */ = {
			isa = XCBuildConfiguration;
			buildSettings = {
				ALWAYS_SEARCH_USER_PATHS = NO;
				CLANG_CXX_LANGUAGE_STANDARD = "gnu++0x";
				CLANG_CXX_LIBRARY = "libc++";
				CLANG_ENABLE_MODULES = YES;
				CLANG_ENABLE_OBJC_ARC = NO;
				CLANG_WARN_BOOL_CONVERSION = YES;
				CLANG_WARN_CONSTANT_CONVERSION = YES;
				CLANG_WARN_DIRECT_OBJC_ISA_USAGE = YES_ERROR;
				CLANG_WARN_EMPTY_BODY = YES;
				CLANG_WARN_ENUM_CONVERSION = YES;
				CLANG_WARN_INT_CONVERSION = YES;
				CLANG_WARN_OBJC_ROOT_CLASS = YES_ERROR;
				CLANG_WARN__DUPLICATE_METHOD_MATCH = YES;
				"CODE_SIGN_IDENTITY[sdk=iphoneos*]" = "iPhone Developer";
				COPY_PHASE_STRIP = YES;
				ENABLE_NS_ASSERTIONS = NO;
				GCC_C_LANGUAGE_STANDARD = gnu99;
				GCC_WARN_64_TO_32_BIT_CONVERSION = YES;
				GCC_WARN_ABOUT_RETURN_TYPE = YES_ERROR;
				GCC_WARN_UNDECLARED_SELECTOR = YES;
				GCC_WARN_UNINITIALIZED_AUTOS = YES_AGGRESSIVE;
				GCC_WARN_UNUSED_FUNCTION = YES;
				GCC_WARN_UNUSED_VARIABLE = YES;
				IPHONEOS_DEPLOYMENT_TARGET = 7.1;
				SDKROOT = iphoneos;
				TARGETED_DEVICE_FAMILY = "1,2";
				VALIDATE_PRODUCT = YES;
			};
			name = Release;
		};
		B77A6C8319540C5A00870418 /* Debug */ = {
			isa = XCBuildConfiguration;
			buildSettings = {
				ASSETCATALOG_COMPILER_APPICON_NAME = AppIcon;
				ASSETCATALOG_COMPILER_LAUNCHIMAGE_NAME = LaunchImage;
				CODE_SIGN_IDENTITY = "iPhone Developer: 之才 胡 (DC4TP7KEEK)";
				GCC_PRECOMPILE_PREFIX_HEADER = YES;
				GCC_PREFIX_HEADER = "Delegate_Detail/Delegate_Detail-Prefix.pch";
				INFOPLIST_FILE = "Delegate_Detail/Delegate_Detail-Info.plist";
				PRODUCT_NAME = "$(TARGET_NAME)";
				PROVISIONING_PROFILE = "84E3CB41-6F9E-4C34-B63D-2E0DA27DCC49";
				WRAPPER_EXTENSION = app;
			};
			name = Debug;
		};
		B77A6C8419540C5A00870418 /* Release */ = {
			isa = XCBuildConfiguration;
			buildSettings = {
				ASSETCATALOG_COMPILER_APPICON_NAME = AppIcon;
				ASSETCATALOG_COMPILER_LAUNCHIMAGE_NAME = LaunchImage;
				CODE_SIGN_IDENTITY = "iPhone Developer: 之才 胡 (DC4TP7KEEK)";
				GCC_PRECOMPILE_PREFIX_HEADER = YES;
				GCC_PREFIX_HEADER = "Delegate_Detail/Delegate_Detail-Prefix.pch";
				INFOPLIST_FILE = "Delegate_Detail/Delegate_Detail-Info.plist";
				PRODUCT_NAME = "$(TARGET_NAME)";
				PROVISIONING_PROFILE = "84E3CB41-6F9E-4C34-B63D-2E0DA27DCC49";
				WRAPPER_EXTENSION = app;
			};
			name = Release;
		};
		B77A6C8619540C5A00870418 /* Debug */ = {
			isa = XCBuildConfiguration;
			buildSettings = {
				BUNDLE_LOADER = "$(BUILT_PRODUCTS_DIR)/Delegate_Detail.app/Delegate_Detail";
				FRAMEWORK_SEARCH_PATHS = (
					"$(SDKROOT)/Developer/Library/Frameworks",
					"$(inherited)",
					"$(DEVELOPER_FRAMEWORKS_DIR)",
				);
				GCC_PRECOMPILE_PREFIX_HEADER = YES;
				GCC_PREFIX_HEADER = "Delegate_Detail/Delegate_Detail-Prefix.pch";
				GCC_PREPROCESSOR_DEFINITIONS = (
					"DEBUG=1",
					"$(inherited)",
				);
				INFOPLIST_FILE = "Delegate_DetailTests/Delegate_DetailTests-Info.plist";
				PRODUCT_NAME = "$(TARGET_NAME)";
				TEST_HOST = "$(BUNDLE_LOADER)";
				WRAPPER_EXTENSION = xctest;
			};
			name = Debug;
		};
		B77A6C8719540C5A00870418 /* Release */ = {
			isa = XCBuildConfiguration;
			buildSettings = {
				BUNDLE_LOADER = "$(BUILT_PRODUCTS_DIR)/Delegate_Detail.app/Delegate_Detail";
				FRAMEWORK_SEARCH_PATHS = (
					"$(SDKROOT)/Developer/Library/Frameworks",
					"$(inherited)",
					"$(DEVELOPER_FRAMEWORKS_DIR)",
				);
				GCC_PRECOMPILE_PREFIX_HEADER = YES;
				GCC_PREFIX_HEADER = "Delegate_Detail/Delegate_Detail-Prefix.pch";
				INFOPLIST_FILE = "Delegate_DetailTests/Delegate_DetailTests-Info.plist";
				PRODUCT_NAME = "$(TARGET_NAME)";
				TEST_HOST = "$(BUNDLE_LOADER)";
				WRAPPER_EXTENSION = xctest;
			};
			name = Release;
		};
/* End XCBuildConfiguration section */

/* Begin XCConfigurationList section */
		B77A6C5119540C5A00870418 /* Build configuration list for PBXProject "Delegate_Detail" */ = {
			isa = XCConfigurationList;
			buildConfigurations = (
				B77A6C8019540C5A00870418 /* Debug */,
				B77A6C8119540C5A00870418 /* Release */,
			);
			defaultConfigurationIsVisible = 0;
			defaultConfigurationName = Release;
		};
		B77A6C8219540C5A00870418 /* Build configuration list for PBXNativeTarget "Delegate_Detail" */ = {
			isa = XCConfigurationList;
			buildConfigurations = (
				B77A6C8319540C5A00870418 /* Debug */,
				B77A6C8419540C5A00870418 /* Release */,
			);
			defaultConfigurationIsVisible = 0;
			defaultConfigurationName = Release;
		};
		B77A6C8519540C5A00870418 /* Build configuration list for PBXNativeTarget "Delegate_DetailTests" */ = {
			isa = XCConfigurationList;
			buildConfigurations = (
				B77A6C8619540C5A00870418 /* Debug */,
				B77A6C8719540C5A00870418 /* Release */,
			);
			defaultConfigurationIsVisible = 0;
			defaultConfigurationName = Release;
		};
/* End XCConfigurationList section */
	};
	rootObject = B77A6C4E19540C5A00870418 /* Project object */;
}
